// !$*UTF8*$!
{
	archiveVersion = 1;
	classes = {
	};
	objectVersion = 50;
	objects = {

/* Begin PBXBuildFile section */
		9B1590FE22631D2B0063FFEE /* Playlist.swift in Sources */ = {isa = PBXBuildFile; fileRef = 9B1590FD22631D2B0063FFEE /* Playlist.swift */; };
		9B15910322631F270063FFEE /* PlaylistsDataSource.swift in Sources */ = {isa = PBXBuildFile; fileRef = 9B15910222631F270063FFEE /* PlaylistsDataSource.swift */; };
		9B15910522631F970063FFEE /* PlaylistsLocalDataSource.swift in Sources */ = {isa = PBXBuildFile; fileRef = 9B15910422631F970063FFEE /* PlaylistsLocalDataSource.swift */; };
		9B15911022635A1F0063FFEE /* LoadingViewController.swift in Sources */ = {isa = PBXBuildFile; fileRef = 9B15910F22635A1F0063FFEE /* LoadingViewController.swift */; };
		9B15911322635F0F0063FFEE /* UIViewController+Extension.swift in Sources */ = {isa = PBXBuildFile; fileRef = 9B15911222635F0F0063FFEE /* UIViewController+Extension.swift */; };
		9B159117226373120063FFEE /* OneSongViewController.swift in Sources */ = {isa = PBXBuildFile; fileRef = 9B159115226373120063FFEE /* OneSongViewController.swift */; };
		9B159118226373120063FFEE /* OneSongViewController.xib in Resources */ = {isa = PBXBuildFile; fileRef = 9B159116226373120063FFEE /* OneSongViewController.xib */; };
		9B15911B226381310063FFEE /* PlayButton.swift in Sources */ = {isa = PBXBuildFile; fileRef = 9B15911A226381310063FFEE /* PlayButton.swift */; };
		9B319B142266C7290040E60B /* AlbumSongsListViewController.swift in Sources */ = {isa = PBXBuildFile; fileRef = 9B319B122266C7290040E60B /* AlbumSongsListViewController.swift */; };
		9B319B152266C7290040E60B /* AlbumSongsListViewController.xib in Resources */ = {isa = PBXBuildFile; fileRef = 9B319B132266C7290040E60B /* AlbumSongsListViewController.xib */; };
		C988B32F22621049009619AB /* PlaylistCollectionViewCell.swift in Sources */ = {isa = PBXBuildFile; fileRef = C988B32D22621049009619AB /* PlaylistCollectionViewCell.swift */; };
		C988B33022621049009619AB /* PlaylistCollectionViewCell.xib in Resources */ = {isa = PBXBuildFile; fileRef = C988B32E22621049009619AB /* PlaylistCollectionViewCell.xib */; };
		C988B3332262258E009619AB /* TitleHeaderView.xib in Resources */ = {isa = PBXBuildFile; fileRef = C988B3322262258E009619AB /* TitleHeaderView.xib */; };
		C988B3352262270C009619AB /* TitleHeaderView.swift in Sources */ = {isa = PBXBuildFile; fileRef = C988B3342262270C009619AB /* TitleHeaderView.swift */; };
		C988B337226239B7009619AB /* PlaylistsCollectionViewController.swift in Sources */ = {isa = PBXBuildFile; fileRef = C988B336226239B7009619AB /* PlaylistsCollectionViewController.swift */; };
		C994D458225FA88E00E70C1B /* AppDelegate.swift in Sources */ = {isa = PBXBuildFile; fileRef = C994D457225FA88E00E70C1B /* AppDelegate.swift */; };
		C994D45A225FA88E00E70C1B /* NowPlayingContainerViewController.swift in Sources */ = {isa = PBXBuildFile; fileRef = C994D459225FA88E00E70C1B /* NowPlayingContainerViewController.swift */; };
		C994D45D225FA88E00E70C1B /* Main.storyboard in Resources */ = {isa = PBXBuildFile; fileRef = C994D45B225FA88E00E70C1B /* Main.storyboard */; };
		C994D460225FA88E00E70C1B /* GravityGroupMusic.xcdatamodeld in Sources */ = {isa = PBXBuildFile; fileRef = C994D45E225FA88E00E70C1B /* GravityGroupMusic.xcdatamodeld */; };
		C994D462225FA89100E70C1B /* Assets.xcassets in Resources */ = {isa = PBXBuildFile; fileRef = C994D461225FA89100E70C1B /* Assets.xcassets */; };
		C994D465225FA89100E70C1B /* LaunchScreen.storyboard in Resources */ = {isa = PBXBuildFile; fileRef = C994D463225FA89100E70C1B /* LaunchScreen.storyboard */; };
		C994D470225FA89100E70C1B /* GravityGroupMusicTests.swift in Sources */ = {isa = PBXBuildFile; fileRef = C994D46F225FA89100E70C1B /* GravityGroupMusicTests.swift */; };
		C9C4EDDA2264F13900C99B7F /* SongTableViewCell.swift in Sources */ = {isa = PBXBuildFile; fileRef = C9C4EDD82264F13900C99B7F /* SongTableViewCell.swift */; };
		C9C4EDDB2264F13900C99B7F /* SongTableViewCell.xib in Resources */ = {isa = PBXBuildFile; fileRef = C9C4EDD92264F13900C99B7F /* SongTableViewCell.xib */; };
		C9D69CCA226A20CD002222DF /* SelfSizingTableView.swift in Sources */ = {isa = PBXBuildFile; fileRef = C9D69CC9226A20CD002222DF /* SelfSizingTableView.swift */; };
/* End PBXBuildFile section */

/* Begin PBXContainerItemProxy section */
		C994D46C225FA89100E70C1B /* PBXContainerItemProxy */ = {
			isa = PBXContainerItemProxy;
			containerPortal = C994D44C225FA88E00E70C1B /* Project object */;
			proxyType = 1;
			remoteGlobalIDString = C994D453225FA88E00E70C1B;
			remoteInfo = GravityGroupMusic;
		};
/* End PBXContainerItemProxy section */

/* Begin PBXFileReference section */
		9B1590FD22631D2B0063FFEE /* Playlist.swift */ = {isa = PBXFileReference; lastKnownFileType = sourcecode.swift; path = Playlist.swift; sourceTree = "<group>"; };
		9B15910222631F270063FFEE /* PlaylistsDataSource.swift */ = {isa = PBXFileReference; lastKnownFileType = sourcecode.swift; path = PlaylistsDataSource.swift; sourceTree = "<group>"; };
		9B15910422631F970063FFEE /* PlaylistsLocalDataSource.swift */ = {isa = PBXFileReference; lastKnownFileType = sourcecode.swift; path = PlaylistsLocalDataSource.swift; sourceTree = "<group>"; };
		9B15910F22635A1F0063FFEE /* LoadingViewController.swift */ = {isa = PBXFileReference; lastKnownFileType = sourcecode.swift; path = LoadingViewController.swift; sourceTree = "<group>"; };
		9B15911222635F0F0063FFEE /* UIViewController+Extension.swift */ = {isa = PBXFileReference; lastKnownFileType = sourcecode.swift; path = "UIViewController+Extension.swift"; sourceTree = "<group>"; };
		9B159115226373120063FFEE /* OneSongViewController.swift */ = {isa = PBXFileReference; lastKnownFileType = sourcecode.swift; path = OneSongViewController.swift; sourceTree = "<group>"; };
		9B159116226373120063FFEE /* OneSongViewController.xib */ = {isa = PBXFileReference; lastKnownFileType = file.xib; path = OneSongViewController.xib; sourceTree = "<group>"; };
		9B15911A226381310063FFEE /* PlayButton.swift */ = {isa = PBXFileReference; lastKnownFileType = sourcecode.swift; path = PlayButton.swift; sourceTree = "<group>"; };
		9B319B122266C7290040E60B /* AlbumSongsListViewController.swift */ = {isa = PBXFileReference; lastKnownFileType = sourcecode.swift; path = AlbumSongsListViewController.swift; sourceTree = "<group>"; };
		9B319B132266C7290040E60B /* AlbumSongsListViewController.xib */ = {isa = PBXFileReference; lastKnownFileType = file.xib; path = AlbumSongsListViewController.xib; sourceTree = "<group>"; };
		C988B32D22621049009619AB /* PlaylistCollectionViewCell.swift */ = {isa = PBXFileReference; lastKnownFileType = sourcecode.swift; path = PlaylistCollectionViewCell.swift; sourceTree = "<group>"; };
		C988B32E22621049009619AB /* PlaylistCollectionViewCell.xib */ = {isa = PBXFileReference; lastKnownFileType = file.xib; path = PlaylistCollectionViewCell.xib; sourceTree = "<group>"; };
		C988B3322262258E009619AB /* TitleHeaderView.xib */ = {isa = PBXFileReference; lastKnownFileType = file.xib; path = TitleHeaderView.xib; sourceTree = "<group>"; };
		C988B3342262270C009619AB /* TitleHeaderView.swift */ = {isa = PBXFileReference; lastKnownFileType = sourcecode.swift; path = TitleHeaderView.swift; sourceTree = "<group>"; };
		C988B336226239B7009619AB /* PlaylistsCollectionViewController.swift */ = {isa = PBXFileReference; lastKnownFileType = sourcecode.swift; path = PlaylistsCollectionViewController.swift; sourceTree = "<group>"; };
		C994D454225FA88E00E70C1B /* GravityGroupMusic.app */ = {isa = PBXFileReference; explicitFileType = wrapper.application; includeInIndex = 0; path = GravityGroupMusic.app; sourceTree = BUILT_PRODUCTS_DIR; };
		C994D457225FA88E00E70C1B /* AppDelegate.swift */ = {isa = PBXFileReference; lastKnownFileType = sourcecode.swift; path = AppDelegate.swift; sourceTree = "<group>"; };
		C994D459225FA88E00E70C1B /* NowPlayingContainerViewController.swift */ = {isa = PBXFileReference; lastKnownFileType = sourcecode.swift; path = NowPlayingContainerViewController.swift; sourceTree = "<group>"; };
		C994D45C225FA88E00E70C1B /* Base */ = {isa = PBXFileReference; lastKnownFileType = file.storyboard; name = Base; path = Base.lproj/Main.storyboard; sourceTree = "<group>"; };
		C994D45F225FA88E00E70C1B /* GravityGroupMusic.xcdatamodel */ = {isa = PBXFileReference; lastKnownFileType = wrapper.xcdatamodel; path = GravityGroupMusic.xcdatamodel; sourceTree = "<group>"; };
		C994D461225FA89100E70C1B /* Assets.xcassets */ = {isa = PBXFileReference; lastKnownFileType = folder.assetcatalog; path = Assets.xcassets; sourceTree = "<group>"; };
		C994D464225FA89100E70C1B /* Base */ = {isa = PBXFileReference; lastKnownFileType = file.storyboard; name = Base; path = Base.lproj/LaunchScreen.storyboard; sourceTree = "<group>"; };
		C994D466225FA89100E70C1B /* Info.plist */ = {isa = PBXFileReference; lastKnownFileType = text.plist.xml; path = Info.plist; sourceTree = "<group>"; };
		C994D46B225FA89100E70C1B /* GravityGroupMusicTests.xctest */ = {isa = PBXFileReference; explicitFileType = wrapper.cfbundle; includeInIndex = 0; path = GravityGroupMusicTests.xctest; sourceTree = BUILT_PRODUCTS_DIR; };
		C994D46F225FA89100E70C1B /* GravityGroupMusicTests.swift */ = {isa = PBXFileReference; lastKnownFileType = sourcecode.swift; path = GravityGroupMusicTests.swift; sourceTree = "<group>"; };
		C994D471225FA89100E70C1B /* Info.plist */ = {isa = PBXFileReference; lastKnownFileType = text.plist.xml; path = Info.plist; sourceTree = "<group>"; };
		C9C4EDD82264F13900C99B7F /* SongTableViewCell.swift */ = {isa = PBXFileReference; lastKnownFileType = sourcecode.swift; path = SongTableViewCell.swift; sourceTree = "<group>"; };
		C9C4EDD92264F13900C99B7F /* SongTableViewCell.xib */ = {isa = PBXFileReference; lastKnownFileType = file.xib; path = SongTableViewCell.xib; sourceTree = "<group>"; };
		C9D69CC9226A20CD002222DF /* SelfSizingTableView.swift */ = {isa = PBXFileReference; lastKnownFileType = sourcecode.swift; path = SelfSizingTableView.swift; sourceTree = "<group>"; };
/* End PBXFileReference section */

/* Begin PBXFrameworksBuildPhase section */
		C994D451225FA88E00E70C1B /* Frameworks */ = {
			isa = PBXFrameworksBuildPhase;
			buildActionMask = 2147483647;
			files = (
			);
			runOnlyForDeploymentPostprocessing = 0;
		};
		C994D468225FA89100E70C1B /* Frameworks */ = {
			isa = PBXFrameworksBuildPhase;
			buildActionMask = 2147483647;
			files = (
			);
			runOnlyForDeploymentPostprocessing = 0;
		};
/* End PBXFrameworksBuildPhase section */

/* Begin PBXGroup section */
		9B1590FC22631D150063FFEE /* Models */ = {
			isa = PBXGroup;
			children = (
				9B1590FD22631D2B0063FFEE /* Playlist.swift */,
			);
			path = Models;
			sourceTree = "<group>";
		};
		9B1590FF22631DE40063FFEE /* DataSource */ = {
			isa = PBXGroup;
			children = (
				9B15910222631F270063FFEE /* PlaylistsDataSource.swift */,
				9B15910422631F970063FFEE /* PlaylistsLocalDataSource.swift */,
			);
			path = DataSource;
			sourceTree = "<group>";
		};
		9B159106226351A80063FFEE /* NowPlaying */ = {
			isa = PBXGroup;
			children = (
				9B319B112266C6FD0040E60B /* AlbumSongsList */,
				9B159119226380B10063FFEE /* Views */,
				9B159114226372F10063FFEE /* OneSongViewController */,
				9B15910B226358830063FFEE /* Controllers */,
			);
			path = NowPlaying;
			sourceTree = "<group>";
		};
		9B159108226357DF0063FFEE /* Views */ = {
			isa = PBXGroup;
			children = (
				C988B32D22621049009619AB /* PlaylistCollectionViewCell.swift */,
				C988B32E22621049009619AB /* PlaylistCollectionViewCell.xib */,
			);
			path = Views;
			sourceTree = "<group>";
		};
		9B159109226357F00063FFEE /* Controllers */ = {
			isa = PBXGroup;
			children = (
				C988B336226239B7009619AB /* PlaylistsCollectionViewController.swift */,
			);
			path = Controllers;
			sourceTree = "<group>";
		};
		9B15910B226358830063FFEE /* Controllers */ = {
			isa = PBXGroup;
			children = (
				C994D459225FA88E00E70C1B /* NowPlayingContainerViewController.swift */,
			);
			path = Controllers;
			sourceTree = "<group>";
		};
		9B15910D226359DF0063FFEE /* Shared */ = {
			isa = PBXGroup;
			children = (
				C9D69CC8226A20B1002222DF /* Views */,
				9B15911122635EEC0063FFEE /* Extensions */,
				9B15910E226359F30063FFEE /* Controllers */,
			);
			path = Shared;
			sourceTree = "<group>";
		};
		9B15910E226359F30063FFEE /* Controllers */ = {
			isa = PBXGroup;
			children = (
				9B15910F22635A1F0063FFEE /* LoadingViewController.swift */,
			);
			path = Controllers;
			sourceTree = "<group>";
		};
		9B15911122635EEC0063FFEE /* Extensions */ = {
			isa = PBXGroup;
			children = (
				9B15911222635F0F0063FFEE /* UIViewController+Extension.swift */,
			);
			path = Extensions;
			sourceTree = "<group>";
		};
		9B159114226372F10063FFEE /* OneSongViewController */ = {
			isa = PBXGroup;
			children = (
				9B159115226373120063FFEE /* OneSongViewController.swift */,
				9B159116226373120063FFEE /* OneSongViewController.xib */,
			);
			path = OneSongViewController;
			sourceTree = "<group>";
		};
		9B159119226380B10063FFEE /* Views */ = {
			isa = PBXGroup;
			children = (
				9B15911A226381310063FFEE /* PlayButton.swift */,
				C9C4EDD82264F13900C99B7F /* SongTableViewCell.swift */,
				C9C4EDD92264F13900C99B7F /* SongTableViewCell.xib */,
			);
			path = Views;
			sourceTree = "<group>";
		};
		9B319B112266C6FD0040E60B /* AlbumSongsList */ = {
			isa = PBXGroup;
			children = (
				9B319B122266C7290040E60B /* AlbumSongsListViewController.swift */,
				9B319B132266C7290040E60B /* AlbumSongsListViewController.xib */,
			);
			path = AlbumSongsList;
			sourceTree = "<group>";
		};
		C988B33122622500009619AB /* Playlists */ = {
			isa = PBXGroup;
			children = (
				9B1590FC22631D150063FFEE /* Models */,
				9B159108226357DF0063FFEE /* Views */,
				9B159109226357F00063FFEE /* Controllers */,
				9B1590FF22631DE40063FFEE /* DataSource */,
			);
			path = Playlists;
			sourceTree = "<group>";
		};
		C994D44B225FA88E00E70C1B = {
			isa = PBXGroup;
			children = (
				C994D456225FA88E00E70C1B /* GravityGroupMusic */,
				C994D46E225FA89100E70C1B /* GravityGroupMusicTests */,
				C994D455225FA88E00E70C1B /* Products */,
			);
			sourceTree = "<group>";
		};
		C994D455225FA88E00E70C1B /* Products */ = {
			isa = PBXGroup;
			children = (
				C994D454225FA88E00E70C1B /* GravityGroupMusic.app */,
				C994D46B225FA89100E70C1B /* GravityGroupMusicTests.xctest */,
			);
			name = Products;
			sourceTree = "<group>";
		};
		C994D456225FA88E00E70C1B /* GravityGroupMusic */ = {
			isa = PBXGroup;
			children = (
				9B15910D226359DF0063FFEE /* Shared */,
				C988B33122622500009619AB /* Playlists */,
				9B159106226351A80063FFEE /* NowPlaying */,
				C994D457225FA88E00E70C1B /* AppDelegate.swift */,
				C994D45B225FA88E00E70C1B /* Main.storyboard */,
				C994D461225FA89100E70C1B /* Assets.xcassets */,
				C994D463225FA89100E70C1B /* LaunchScreen.storyboard */,
				C994D466225FA89100E70C1B /* Info.plist */,
				C994D45E225FA88E00E70C1B /* GravityGroupMusic.xcdatamodeld */,
			);
			path = GravityGroupMusic;
			sourceTree = "<group>";
		};
		C994D46E225FA89100E70C1B /* GravityGroupMusicTests */ = {
			isa = PBXGroup;
			children = (
				C994D46F225FA89100E70C1B /* GravityGroupMusicTests.swift */,
				C994D471225FA89100E70C1B /* Info.plist */,
			);
			path = GravityGroupMusicTests;
			sourceTree = "<group>";
		};
		C9D69CC8226A20B1002222DF /* Views */ = {
			isa = PBXGroup;
			children = (
				C9D69CC9226A20CD002222DF /* SelfSizingTableView.swift */,
				C988B3342262270C009619AB /* TitleHeaderView.swift */,
				C988B3322262258E009619AB /* TitleHeaderView.xib */,
			);
			path = Views;
			sourceTree = "<group>";
		};
/* End PBXGroup section */

/* Begin PBXNativeTarget section */
		C994D453225FA88E00E70C1B /* GravityGroupMusic */ = {
			isa = PBXNativeTarget;
			buildConfigurationList = C994D474225FA89100E70C1B /* Build configuration list for PBXNativeTarget "GravityGroupMusic" */;
			buildPhases = (
				C994D450225FA88E00E70C1B /* Sources */,
				C994D451225FA88E00E70C1B /* Frameworks */,
				C994D452225FA88E00E70C1B /* Resources */,
			);
			buildRules = (
			);
			dependencies = (
			);
			name = GravityGroupMusic;
			productName = GravityGroupMusic;
			productReference = C994D454225FA88E00E70C1B /* GravityGroupMusic.app */;
			productType = "com.apple.product-type.application";
		};
		C994D46A225FA89100E70C1B /* GravityGroupMusicTests */ = {
			isa = PBXNativeTarget;
			buildConfigurationList = C994D477225FA89100E70C1B /* Build configuration list for PBXNativeTarget "GravityGroupMusicTests" */;
			buildPhases = (
				C994D467225FA89100E70C1B /* Sources */,
				C994D468225FA89100E70C1B /* Frameworks */,
				C994D469225FA89100E70C1B /* Resources */,
			);
			buildRules = (
			);
			dependencies = (
				C994D46D225FA89100E70C1B /* PBXTargetDependency */,
			);
			name = GravityGroupMusicTests;
			productName = GravityGroupMusicTests;
			productReference = C994D46B225FA89100E70C1B /* GravityGroupMusicTests.xctest */;
			productType = "com.apple.product-type.bundle.unit-test";
		};
/* End PBXNativeTarget section */

/* Begin PBXProject section */
		C994D44C225FA88E00E70C1B /* Project object */ = {
			isa = PBXProject;
			attributes = {
				LastSwiftUpdateCheck = 1010;
				LastUpgradeCheck = 1010;
				ORGANIZATIONNAME = "Gravity Group";
				TargetAttributes = {
					C994D453225FA88E00E70C1B = {
						CreatedOnToolsVersion = 10.1;
					};
					C994D46A225FA89100E70C1B = {
						CreatedOnToolsVersion = 10.1;
						TestTargetID = C994D453225FA88E00E70C1B;
					};
				};
			};
			buildConfigurationList = C994D44F225FA88E00E70C1B /* Build configuration list for PBXProject "GravityGroupMusic" */;
			compatibilityVersion = "Xcode 9.3";
			developmentRegion = en;
			hasScannedForEncodings = 0;
			knownRegions = (
				en,
				Base,
			);
			mainGroup = C994D44B225FA88E00E70C1B;
			productRefGroup = C994D455225FA88E00E70C1B /* Products */;
			projectDirPath = "";
			projectRoot = "";
			targets = (
				C994D453225FA88E00E70C1B /* GravityGroupMusic */,
				C994D46A225FA89100E70C1B /* GravityGroupMusicTests */,
			);
		};
/* End PBXProject section */

/* Begin PBXResourcesBuildPhase section */
		C994D452225FA88E00E70C1B /* Resources */ = {
			isa = PBXResourcesBuildPhase;
			buildActionMask = 2147483647;
			files = (
				C988B3332262258E009619AB /* TitleHeaderView.xib in Resources */,
				C994D465225FA89100E70C1B /* LaunchScreen.storyboard in Resources */,
				9B319B152266C7290040E60B /* AlbumSongsListViewController.xib in Resources */,
				C994D462225FA89100E70C1B /* Assets.xcassets in Resources */,
				C9C4EDDB2264F13900C99B7F /* SongTableViewCell.xib in Resources */,
				C994D45D225FA88E00E70C1B /* Main.storyboard in Resources */,
				9B159118226373120063FFEE /* OneSongViewController.xib in Resources */,
				C988B33022621049009619AB /* PlaylistCollectionViewCell.xib in Resources */,
			);
			runOnlyForDeploymentPostprocessing = 0;
		};
		C994D469225FA89100E70C1B /* Resources */ = {
			isa = PBXResourcesBuildPhase;
			buildActionMask = 2147483647;
			files = (
			);
			runOnlyForDeploymentPostprocessing = 0;
		};
/* End PBXResourcesBuildPhase section */

/* Begin PBXSourcesBuildPhase section */
		C994D450225FA88E00E70C1B /* Sources */ = {
			isa = PBXSourcesBuildPhase;
			buildActionMask = 2147483647;
			files = (
				9B319B142266C7290040E60B /* AlbumSongsListViewController.swift in Sources */,
				C994D45A225FA88E00E70C1B /* NowPlayingContainerViewController.swift in Sources */,
				9B15911322635F0F0063FFEE /* UIViewController+Extension.swift in Sources */,
				9B15910322631F270063FFEE /* PlaylistsDataSource.swift in Sources */,
				C988B337226239B7009619AB /* PlaylistsCollectionViewController.swift in Sources */,
				C9D69CCA226A20CD002222DF /* SelfSizingTableView.swift in Sources */,
				C988B32F22621049009619AB /* PlaylistCollectionViewCell.swift in Sources */,
				9B1590FE22631D2B0063FFEE /* Playlist.swift in Sources */,
				9B15911B226381310063FFEE /* PlayButton.swift in Sources */,
				9B159117226373120063FFEE /* OneSongViewController.swift in Sources */,
				C988B3352262270C009619AB /* TitleHeaderView.swift in Sources */,
				9B15910522631F970063FFEE /* PlaylistsLocalDataSource.swift in Sources */,
				C9C4EDDA2264F13900C99B7F /* SongTableViewCell.swift in Sources */,
				9B15911022635A1F0063FFEE /* LoadingViewController.swift in Sources */,
				C994D460225FA88E00E70C1B /* GravityGroupMusic.xcdatamodeld in Sources */,
				C994D458225FA88E00E70C1B /* AppDelegate.swift in Sources */,
			);
			runOnlyForDeploymentPostprocessing = 0;
		};
		C994D467225FA89100E70C1B /* Sources */ = {
			isa = PBXSourcesBuildPhase;
			buildActionMask = 2147483647;
			files = (
				C994D470225FA89100E70C1B /* GravityGroupMusicTests.swift in Sources */,
			);
			runOnlyForDeploymentPostprocessing = 0;
		};
/* End PBXSourcesBuildPhase section */

/* Begin PBXTargetDependency section */
		C994D46D225FA89100E70C1B /* PBXTargetDependency */ = {
			isa = PBXTargetDependency;
			target = C994D453225FA88E00E70C1B /* GravityGroupMusic */;
			targetProxy = C994D46C225FA89100E70C1B /* PBXContainerItemProxy */;
		};
/* End PBXTargetDependency section */

/* Begin PBXVariantGroup section */
		C994D45B225FA88E00E70C1B /* Main.storyboard */ = {
			isa = PBXVariantGroup;
			children = (
				C994D45C225FA88E00E70C1B /* Base */,
			);
			name = Main.storyboard;
			sourceTree = "<group>";
		};
		C994D463225FA89100E70C1B /* LaunchScreen.storyboard */ = {
			isa = PBXVariantGroup;
			children = (
				C994D464225FA89100E70C1B /* Base */,
			);
			name = LaunchScreen.storyboard;
			sourceTree = "<group>";
		};
/* End PBXVariantGroup section */

/* Begin XCBuildConfiguration section */
		C994D472225FA89100E70C1B /* Debug */ = {
			isa = XCBuildConfiguration;
			buildSettings = {
				ALWAYS_SEARCH_USER_PATHS = NO;
				CLANG_ANALYZER_NONNULL = YES;
				CLANG_ANALYZER_NUMBER_OBJECT_CONVERSION = YES_AGGRESSIVE;
				CLANG_CXX_LANGUAGE_STANDARD = "gnu++14";
				CLANG_CXX_LIBRARY = "libc++";
				CLANG_ENABLE_MODULES = YES;
				CLANG_ENABLE_OBJC_ARC = YES;
				CLANG_ENABLE_OBJC_WEAK = YES;
				CLANG_WARN_BLOCK_CAPTURE_AUTORELEASING = YES;
				CLANG_WARN_BOOL_CONVERSION = YES;
				CLANG_WARN_COMMA = YES;
				CLANG_WARN_CONSTANT_CONVERSION = YES;
				CLANG_WARN_DEPRECATED_OBJC_IMPLEMENTATIONS = YES;
				CLANG_WARN_DIRECT_OBJC_ISA_USAGE = YES_ERROR;
				CLANG_WARN_DOCUMENTATION_COMMENTS = YES;
				CLANG_WARN_EMPTY_BODY = YES;
				CLANG_WARN_ENUM_CONVERSION = YES;
				CLANG_WARN_INFINITE_RECURSION = YES;
				CLANG_WARN_INT_CONVERSION = YES;
				CLANG_WARN_NON_LITERAL_NULL_CONVERSION = YES;
				CLANG_WARN_OBJC_IMPLICIT_RETAIN_SELF = YES;
				CLANG_WARN_OBJC_LITERAL_CONVERSION = YES;
				CLANG_WARN_OBJC_ROOT_CLASS = YES_ERROR;
				CLANG_WARN_RANGE_LOOP_ANALYSIS = YES;
				CLANG_WARN_STRICT_PROTOTYPES = YES;
				CLANG_WARN_SUSPICIOUS_MOVE = YES;
				CLANG_WARN_UNGUARDED_AVAILABILITY = YES_AGGRESSIVE;
				CLANG_WARN_UNREACHABLE_CODE = YES;
				CLANG_WARN__DUPLICATE_METHOD_MATCH = YES;
				CODE_SIGN_IDENTITY = "iPhone Developer";
				COPY_PHASE_STRIP = NO;
				DEBUG_INFORMATION_FORMAT = dwarf;
				ENABLE_STRICT_OBJC_MSGSEND = YES;
				ENABLE_TESTABILITY = YES;
				GCC_C_LANGUAGE_STANDARD = gnu11;
				GCC_DYNAMIC_NO_PIC = NO;
				GCC_NO_COMMON_BLOCKS = YES;
				GCC_OPTIMIZATION_LEVEL = 0;
				GCC_PREPROCESSOR_DEFINITIONS = (
					"DEBUG=1",
					"$(inherited)",
				);
				GCC_WARN_64_TO_32_BIT_CONVERSION = YES;
				GCC_WARN_ABOUT_RETURN_TYPE = YES_ERROR;
				GCC_WARN_UNDECLARED_SELECTOR = YES;
				GCC_WARN_UNINITIALIZED_AUTOS = YES_AGGRESSIVE;
				GCC_WARN_UNUSED_FUNCTION = YES;
				GCC_WARN_UNUSED_VARIABLE = YES;
				IPHONEOS_DEPLOYMENT_TARGET = 11.0;
				MTL_ENABLE_DEBUG_INFO = INCLUDE_SOURCE;
				MTL_FAST_MATH = YES;
				ONLY_ACTIVE_ARCH = YES;
				SDKROOT = iphoneos;
				SWIFT_ACTIVE_COMPILATION_CONDITIONS = DEBUG;
				SWIFT_OPTIMIZATION_LEVEL = "-Onone";
			};
			name = Debug;
		};
		C994D473225FA89100E70C1B /* Release */ = {
			isa = XCBuildConfiguration;
			buildSettings = {
				ALWAYS_SEARCH_USER_PATHS = NO;
				CLANG_ANALYZER_NONNULL = YES;
				CLANG_ANALYZER_NUMBER_OBJECT_CONVERSION = YES_AGGRESSIVE;
				CLANG_CXX_LANGUAGE_STANDARD = "gnu++14";
				CLANG_CXX_LIBRARY = "libc++";
				CLANG_ENABLE_MODULES = YES;
				CLANG_ENABLE_OBJC_ARC = YES;
				CLANG_ENABLE_OBJC_WEAK = YES;
				CLANG_WARN_BLOCK_CAPTURE_AUTORELEASING = YES;
				CLANG_WARN_BOOL_CONVERSION = YES;
				CLANG_WARN_COMMA = YES;
				CLANG_WARN_CONSTANT_CONVERSION = YES;
				CLANG_WARN_DEPRECATED_OBJC_IMPLEMENTATIONS = YES;
				CLANG_WARN_DIRECT_OBJC_ISA_USAGE = YES_ERROR;
				CLANG_WARN_DOCUMENTATION_COMMENTS = YES;
				CLANG_WARN_EMPTY_BODY = YES;
				CLANG_WARN_ENUM_CONVERSION = YES;
				CLANG_WARN_INFINITE_RECURSION = YES;
				CLANG_WARN_INT_CONVERSION = YES;
				CLANG_WARN_NON_LITERAL_NULL_CONVERSION = YES;
				CLANG_WARN_OBJC_IMPLICIT_RETAIN_SELF = YES;
				CLANG_WARN_OBJC_LITERAL_CONVERSION = YES;
				CLANG_WARN_OBJC_ROOT_CLASS = YES_ERROR;
				CLANG_WARN_RANGE_LOOP_ANALYSIS = YES;
				CLANG_WARN_STRICT_PROTOTYPES = YES;
				CLANG_WARN_SUSPICIOUS_MOVE = YES;
				CLANG_WARN_UNGUARDED_AVAILABILITY = YES_AGGRESSIVE;
				CLANG_WARN_UNREACHABLE_CODE = YES;
				CLANG_WARN__DUPLICATE_METHOD_MATCH = YES;
				CODE_SIGN_IDENTITY = "iPhone Developer";
				COPY_PHASE_STRIP = NO;
				DEBUG_INFORMATION_FORMAT = "dwarf-with-dsym";
				ENABLE_NS_ASSERTIONS = NO;
				ENABLE_STRICT_OBJC_MSGSEND = YES;
				GCC_C_LANGUAGE_STANDARD = gnu11;
				GCC_NO_COMMON_BLOCKS = YES;
				GCC_WARN_64_TO_32_BIT_CONVERSION = YES;
				GCC_WARN_ABOUT_RETURN_TYPE = YES_ERROR;
				GCC_WARN_UNDECLARED_SELECTOR = YES;
				GCC_WARN_UNINITIALIZED_AUTOS = YES_AGGRESSIVE;
				GCC_WARN_UNUSED_FUNCTION = YES;
				GCC_WARN_UNUSED_VARIABLE = YES;
				IPHONEOS_DEPLOYMENT_TARGET = 11.0;
				MTL_ENABLE_DEBUG_INFO = NO;
				MTL_FAST_MATH = YES;
				SDKROOT = iphoneos;
				SWIFT_COMPILATION_MODE = wholemodule;
				SWIFT_OPTIMIZATION_LEVEL = "-O";
				VALIDATE_PRODUCT = YES;
			};
			name = Release;
		};
		C994D475225FA89100E70C1B /* Debug */ = {
			isa = XCBuildConfiguration;
			buildSettings = {
				ASSETCATALOG_COMPILER_APPICON_NAME = AppIcon;
				CODE_SIGN_STYLE = Automatic;
				DEVELOPMENT_TEAM = UA35S4RY8U;
				INFOPLIST_FILE = GravityGroupMusic/Info.plist;
				LD_RUNPATH_SEARCH_PATHS = (
					"$(inherited)",
					"@executable_path/Frameworks",
				);
				PRODUCT_BUNDLE_IDENTIFIER = ai.gravitygroup.vadim.GravityGroupMusic;
				PRODUCT_NAME = "$(TARGET_NAME)";
				SWIFT_VERSION = 4.2;
				TARGETED_DEVICE_FAMILY = "1,2";
			};
			name = Debug;
		};
		C994D476225FA89100E70C1B /* Release */ = {
			isa = XCBuildConfiguration;
			buildSettings = {
				ASSETCATALOG_COMPILER_APPICON_NAME = AppIcon;
				CODE_SIGN_STYLE = Automatic;
				DEVELOPMENT_TEAM = UA35S4RY8U;
				INFOPLIST_FILE = GravityGroupMusic/Info.plist;
				LD_RUNPATH_SEARCH_PATHS = (
					"$(inherited)",
					"@executable_path/Frameworks",
				);
				PRODUCT_BUNDLE_IDENTIFIER = ai.gravitygroup.vadim.GravityGroupMusic;
				PRODUCT_NAME = "$(TARGET_NAME)";
				SWIFT_VERSION = 4.2;
				TARGETED_DEVICE_FAMILY = "1,2";
			};
			name = Release;
		};
		C994D478225FA89100E70C1B /* Debug */ = {
			isa = XCBuildConfiguration;
			buildSettings = {
				ALWAYS_EMBED_SWIFT_STANDARD_LIBRARIES = YES;
				BUNDLE_LOADER = "$(TEST_HOST)";
				CODE_SIGN_STYLE = Automatic;
				DEVELOPMENT_TEAM = 9F6USA3EYF;
				INFOPLIST_FILE = GravityGroupMusicTests/Info.plist;
				LD_RUNPATH_SEARCH_PATHS = (
					"$(inherited)",
					"@executable_path/Frameworks",
					"@loader_path/Frameworks",
				);
				PRODUCT_BUNDLE_IDENTIFIER = ai.gravitygroup.vadim.GravityGroupMusicTests;
				PRODUCT_NAME = "$(TARGET_NAME)";
				SWIFT_VERSION = 4.2;
				TARGETED_DEVICE_FAMILY = "1,2";
				TEST_HOST = "$(BUILT_PRODUCTS_DIR)/GravityGroupMusic.app/GravityGroupMusic";
			};
			name = Debug;
		};
		C994D479225FA89100E70C1B /* Release */ = {
			isa = XCBuildConfiguration;
			buildSettings = {
				ALWAYS_EMBED_SWIFT_STANDARD_LIBRARIES = YES;
				BUNDLE_LOADER = "$(TEST_HOST)";
				CODE_SIGN_STYLE = Automatic;
				DEVELOPMENT_TEAM = 9F6USA3EYF;
				INFOPLIST_FILE = GravityGroupMusicTests/Info.plist;
				LD_RUNPATH_SEARCH_PATHS = (
					"$(inherited)",
					"@executable_path/Frameworks",
					"@loader_path/Frameworks",
				);
				PRODUCT_BUNDLE_IDENTIFIER = ai.gravitygroup.vadim.GravityGroupMusicTests;
				PRODUCT_NAME = "$(TARGET_NAME)";
				SWIFT_VERSION = 4.2;
				TARGETED_DEVICE_FAMILY = "1,2";
				TEST_HOST = "$(BUILT_PRODUCTS_DIR)/GravityGroupMusic.app/GravityGroupMusic";
			};
			name = Release;
		};
/* End XCBuildConfiguration section */

/* Begin XCConfigurationList section */
		C994D44F225FA88E00E70C1B /* Build configuration list for PBXProject "GravityGroupMusic" */ = {
			isa = XCConfigurationList;
			buildConfigurations = (
				C994D472225FA89100E70C1B /* Debug */,
				C994D473225FA89100E70C1B /* Release */,
			);
			defaultConfigurationIsVisible = 0;
			defaultConfigurationName = Release;
		};
		C994D474225FA89100E70C1B /* Build configuration list for PBXNativeTarget "GravityGroupMusic" */ = {
			isa = XCConfigurationList;
			buildConfigurations = (
				C994D475225FA89100E70C1B /* Debug */,
				C994D476225FA89100E70C1B /* Release */,
			);
			defaultConfigurationIsVisible = 0;
			defaultConfigurationName = Release;
		};
		C994D477225FA89100E70C1B /* Build configuration list for PBXNativeTarget "GravityGroupMusicTests" */ = {
			isa = XCConfigurationList;
			buildConfigurations = (
				C994D478225FA89100E70C1B /* Debug */,
				C994D479225FA89100E70C1B /* Release */,
			);
			defaultConfigurationIsVisible = 0;
			defaultConfigurationName = Release;
		};
/* End XCConfigurationList section */

/* Begin XCVersionGroup section */
		C994D45E225FA88E00E70C1B /* GravityGroupMusic.xcdatamodeld */ = {
			isa = XCVersionGroup;
			children = (
				C994D45F225FA88E00E70C1B /* GravityGroupMusic.xcdatamodel */,
			);
			currentVersion = C994D45F225FA88E00E70C1B /* GravityGroupMusic.xcdatamodel */;
			path = GravityGroupMusic.xcdatamodeld;
			sourceTree = "<group>";
			versionGroupType = wrapper.xcdatamodel;
		};
/* End XCVersionGroup section */
	};
	rootObject = C994D44C225FA88E00E70C1B /* Project object */;
}
